// !$*UTF8*$!
{
	archiveVersion = 1;
	classes = {
	};
	objectVersion = 50;
	objects = {

/* Begin PBXBuildFile section */
		09ACCD6F02D79D7D015FB8D1 /* Pods_InspectorExampleTests.framework in Frameworks */ = {isa = PBXBuildFile; fileRef = 1FDCCDF4C38D641504193570 /* Pods_InspectorExampleTests.framework */; };
		64F2B66258A0FF73EF7C6FB0 /* Pods_InspectorExample.framework in Frameworks */ = {isa = PBXBuildFile; fileRef = 0AB41CFE3B899AD9DA483B2A /* Pods_InspectorExample.framework */; };
		D39A7D4B229D7B24004F2966 /* MainTableViewController.swift in Sources */ = {isa = PBXBuildFile; fileRef = D39A7D4A229D7B24004F2966 /* MainTableViewController.swift */; };
		D3A74A322254F50400C8FD39 /* AppDelegate.swift in Sources */ = {isa = PBXBuildFile; fileRef = D3A74A312254F50400C8FD39 /* AppDelegate.swift */; };
		D3A74A372254F50400C8FD39 /* Main.storyboard in Resources */ = {isa = PBXBuildFile; fileRef = D3A74A352254F50400C8FD39 /* Main.storyboard */; };
		D3A74A392254F50700C8FD39 /* Assets.xcassets in Resources */ = {isa = PBXBuildFile; fileRef = D3A74A382254F50700C8FD39 /* Assets.xcassets */; };
		D3A74A3C2254F50700C8FD39 /* LaunchScreen.storyboard in Resources */ = {isa = PBXBuildFile; fileRef = D3A74A3A2254F50700C8FD39 /* LaunchScreen.storyboard */; };
		D3A74A472254F50700C8FD39 /* InspectorExampleTests.swift in Sources */ = {isa = PBXBuildFile; fileRef = D3A74A462254F50700C8FD39 /* InspectorExampleTests.swift */; };
/* End PBXBuildFile section */

/* Begin PBXContainerItemProxy section */
		D3A74A432254F50700C8FD39 /* PBXContainerItemProxy */ = {
			isa = PBXContainerItemProxy;
			containerPortal = D3A74A262254F50400C8FD39 /* Project object */;
			proxyType = 1;
			remoteGlobalIDString = D3A74A2D2254F50400C8FD39;
			remoteInfo = InspectorExample;
		};
/* End PBXContainerItemProxy section */

/* Begin PBXFileReference section */
		096C25DD73D91EEFC5DF076F /* Pods-InspectorExampleTests.debug.xcconfig */ = {isa = PBXFileReference; includeInIndex = 1; lastKnownFileType = text.xcconfig; name = "Pods-InspectorExampleTests.debug.xcconfig"; path = "Target Support Files/Pods-InspectorExampleTests/Pods-InspectorExampleTests.debug.xcconfig"; sourceTree = "<group>"; };
		0AB41CFE3B899AD9DA483B2A /* Pods_InspectorExample.framework */ = {isa = PBXFileReference; explicitFileType = wrapper.framework; includeInIndex = 0; path = Pods_InspectorExample.framework; sourceTree = BUILT_PRODUCTS_DIR; };
		1FDCCDF4C38D641504193570 /* Pods_InspectorExampleTests.framework */ = {isa = PBXFileReference; explicitFileType = wrapper.framework; includeInIndex = 0; path = Pods_InspectorExampleTests.framework; sourceTree = BUILT_PRODUCTS_DIR; };
		57036DA80175B0BE3DE4463D /* Pods-InspectorExample.debug.xcconfig */ = {isa = PBXFileReference; includeInIndex = 1; lastKnownFileType = text.xcconfig; name = "Pods-InspectorExample.debug.xcconfig"; path = "Target Support Files/Pods-InspectorExample/Pods-InspectorExample.debug.xcconfig"; sourceTree = "<group>"; };
		6D72EA7340C0BA8C769795D7 /* Pods-InspectorExample.release.xcconfig */ = {isa = PBXFileReference; includeInIndex = 1; lastKnownFileType = text.xcconfig; name = "Pods-InspectorExample.release.xcconfig"; path = "Target Support Files/Pods-InspectorExample/Pods-InspectorExample.release.xcconfig"; sourceTree = "<group>"; };
		B8BBAF51382CB5D02EA1EDEF /* Pods-InspectorExampleTests.release.xcconfig */ = {isa = PBXFileReference; includeInIndex = 1; lastKnownFileType = text.xcconfig; name = "Pods-InspectorExampleTests.release.xcconfig"; path = "Target Support Files/Pods-InspectorExampleTests/Pods-InspectorExampleTests.release.xcconfig"; sourceTree = "<group>"; };
		D39A7D4A229D7B24004F2966 /* MainTableViewController.swift */ = {isa = PBXFileReference; lastKnownFileType = sourcecode.swift; path = MainTableViewController.swift; sourceTree = "<group>"; };
		D3A74A2E2254F50400C8FD39 /* InspectorExample.app */ = {isa = PBXFileReference; explicitFileType = wrapper.application; includeInIndex = 0; path = InspectorExample.app; sourceTree = BUILT_PRODUCTS_DIR; };
		D3A74A312254F50400C8FD39 /* AppDelegate.swift */ = {isa = PBXFileReference; lastKnownFileType = sourcecode.swift; path = AppDelegate.swift; sourceTree = "<group>"; };
		D3A74A362254F50400C8FD39 /* Base */ = {isa = PBXFileReference; lastKnownFileType = file.storyboard; name = Base; path = Base.lproj/Main.storyboard; sourceTree = "<group>"; };
		D3A74A382254F50700C8FD39 /* Assets.xcassets */ = {isa = PBXFileReference; lastKnownFileType = folder.assetcatalog; path = Assets.xcassets; sourceTree = "<group>"; };
		D3A74A3B2254F50700C8FD39 /* Base */ = {isa = PBXFileReference; lastKnownFileType = file.storyboard; name = Base; path = Base.lproj/LaunchScreen.storyboard; sourceTree = "<group>"; };
		D3A74A3D2254F50700C8FD39 /* Info.plist */ = {isa = PBXFileReference; lastKnownFileType = text.plist.xml; path = Info.plist; sourceTree = "<group>"; };
		D3A74A422254F50700C8FD39 /* InspectorExampleTests.xctest */ = {isa = PBXFileReference; explicitFileType = wrapper.cfbundle; includeInIndex = 0; path = InspectorExampleTests.xctest; sourceTree = BUILT_PRODUCTS_DIR; };
		D3A74A462254F50700C8FD39 /* InspectorExampleTests.swift */ = {isa = PBXFileReference; lastKnownFileType = sourcecode.swift; path = InspectorExampleTests.swift; sourceTree = "<group>"; };
		D3A74A482254F50700C8FD39 /* Info.plist */ = {isa = PBXFileReference; lastKnownFileType = text.plist.xml; path = Info.plist; sourceTree = "<group>"; };
/* End PBXFileReference section */

/* Begin PBXFrameworksBuildPhase section */
		D3A74A2B2254F50400C8FD39 /* Frameworks */ = {
			isa = PBXFrameworksBuildPhase;
			buildActionMask = 2147483647;
			files = (
				64F2B66258A0FF73EF7C6FB0 /* Pods_InspectorExample.framework in Frameworks */,
			);
			runOnlyForDeploymentPostprocessing = 0;
		};
		D3A74A3F2254F50700C8FD39 /* Frameworks */ = {
			isa = PBXFrameworksBuildPhase;
			buildActionMask = 2147483647;
			files = (
				09ACCD6F02D79D7D015FB8D1 /* Pods_InspectorExampleTests.framework in Frameworks */,
			);
			runOnlyForDeploymentPostprocessing = 0;
		};
/* End PBXFrameworksBuildPhase section */

/* Begin PBXGroup section */
		7060D60D580D043FF12C9431 /* Frameworks */ = {
			isa = PBXGroup;
			children = (
				0AB41CFE3B899AD9DA483B2A /* Pods_InspectorExample.framework */,
				1FDCCDF4C38D641504193570 /* Pods_InspectorExampleTests.framework */,
			);
			name = Frameworks;
			sourceTree = "<group>";
		};
		D3A74A252254F50400C8FD39 = {
			isa = PBXGroup;
			children = (
				D3A74A302254F50400C8FD39 /* InspectorExample */,
				D3A74A452254F50700C8FD39 /* InspectorExampleTests */,
				D3A74A2F2254F50400C8FD39 /* Products */,
				E5CEBBBBF64A2A36BE4EC85E /* Pods */,
				7060D60D580D043FF12C9431 /* Frameworks */,
			);
			sourceTree = "<group>";
		};
		D3A74A2F2254F50400C8FD39 /* Products */ = {
			isa = PBXGroup;
			children = (
				D3A74A2E2254F50400C8FD39 /* InspectorExample.app */,
				D3A74A422254F50700C8FD39 /* InspectorExampleTests.xctest */,
			);
			name = Products;
			sourceTree = "<group>";
		};
		D3A74A302254F50400C8FD39 /* InspectorExample */ = {
			isa = PBXGroup;
			children = (
				D3A74A312254F50400C8FD39 /* AppDelegate.swift */,
				D39A7D4A229D7B24004F2966 /* MainTableViewController.swift */,
				D3A74A352254F50400C8FD39 /* Main.storyboard */,
				D3A74A382254F50700C8FD39 /* Assets.xcassets */,
				D3A74A3A2254F50700C8FD39 /* LaunchScreen.storyboard */,
				D3A74A3D2254F50700C8FD39 /* Info.plist */,
			);
			path = InspectorExample;
			sourceTree = "<group>";
		};
		D3A74A452254F50700C8FD39 /* InspectorExampleTests */ = {
			isa = PBXGroup;
			children = (
				D3A74A462254F50700C8FD39 /* InspectorExampleTests.swift */,
				D3A74A482254F50700C8FD39 /* Info.plist */,
			);
			path = InspectorExampleTests;
			sourceTree = "<group>";
		};
		E5CEBBBBF64A2A36BE4EC85E /* Pods */ = {
			isa = PBXGroup;
			children = (
				57036DA80175B0BE3DE4463D /* Pods-InspectorExample.debug.xcconfig */,
				6D72EA7340C0BA8C769795D7 /* Pods-InspectorExample.release.xcconfig */,
				096C25DD73D91EEFC5DF076F /* Pods-InspectorExampleTests.debug.xcconfig */,
				B8BBAF51382CB5D02EA1EDEF /* Pods-InspectorExampleTests.release.xcconfig */,
			);
			path = Pods;
			sourceTree = "<group>";
		};
/* End PBXGroup section */

/* Begin PBXNativeTarget section */
		D3A74A2D2254F50400C8FD39 /* InspectorExample */ = {
			isa = PBXNativeTarget;
			buildConfigurationList = D3A74A4B2254F50700C8FD39 /* Build configuration list for PBXNativeTarget "InspectorExample" */;
			buildPhases = (
				1761D055733655F32CA26CC6 /* [CP] Check Pods Manifest.lock */,
				D3A74A2A2254F50400C8FD39 /* Sources */,
				D3A74A2B2254F50400C8FD39 /* Frameworks */,
				D3A74A2C2254F50400C8FD39 /* Resources */,
				D0C0452524B97EE0E642D8FB /* [CP] Embed Pods Frameworks */,
			);
			buildRules = (
			);
			dependencies = (
			);
			name = InspectorExample;
			productName = InspectorExample;
			productReference = D3A74A2E2254F50400C8FD39 /* InspectorExample.app */;
			productType = "com.apple.product-type.application";
		};
		D3A74A412254F50700C8FD39 /* InspectorExampleTests */ = {
			isa = PBXNativeTarget;
			buildConfigurationList = D3A74A4E2254F50700C8FD39 /* Build configuration list for PBXNativeTarget "InspectorExampleTests" */;
			buildPhases = (
				AD47C9D08FE139F7CCC3EB08 /* [CP] Check Pods Manifest.lock */,
				D3A74A3E2254F50700C8FD39 /* Sources */,
				D3A74A3F2254F50700C8FD39 /* Frameworks */,
				D3A74A402254F50700C8FD39 /* Resources */,
				B6CCCB9AA46612D6D8B94B5D /* [CP] Embed Pods Frameworks */,
			);
			buildRules = (
			);
			dependencies = (
				D3A74A442254F50700C8FD39 /* PBXTargetDependency */,
			);
			name = InspectorExampleTests;
			productName = InspectorExampleTests;
			productReference = D3A74A422254F50700C8FD39 /* InspectorExampleTests.xctest */;
			productType = "com.apple.product-type.bundle.unit-test";
		};
/* End PBXNativeTarget section */

/* Begin PBXProject section */
		D3A74A262254F50400C8FD39 /* Project object */ = {
			isa = PBXProject;
			attributes = {
				LastSwiftUpdateCheck = 1020;
				LastUpgradeCheck = 1020;
				ORGANIZATIONNAME = mparticle;
				TargetAttributes = {
					D3A74A2D2254F50400C8FD39 = {
						CreatedOnToolsVersion = 10.2;
						LastSwiftMigration = 1020;
					};
					D3A74A412254F50700C8FD39 = {
						CreatedOnToolsVersion = 10.2;
						TestTargetID = D3A74A2D2254F50400C8FD39;
					};
				};
			};
			buildConfigurationList = D3A74A292254F50400C8FD39 /* Build configuration list for PBXProject "InspectorExample" */;
			compatibilityVersion = "Xcode 9.3";
			developmentRegion = en;
			hasScannedForEncodings = 0;
			knownRegions = (
				en,
				Base,
			);
			mainGroup = D3A74A252254F50400C8FD39;
			productRefGroup = D3A74A2F2254F50400C8FD39 /* Products */;
			projectDirPath = "";
			projectRoot = "";
			targets = (
				D3A74A2D2254F50400C8FD39 /* InspectorExample */,
				D3A74A412254F50700C8FD39 /* InspectorExampleTests */,
			);
		};
/* End PBXProject section */

/* Begin PBXResourcesBuildPhase section */
		D3A74A2C2254F50400C8FD39 /* Resources */ = {
			isa = PBXResourcesBuildPhase;
			buildActionMask = 2147483647;
			files = (
				D3A74A3C2254F50700C8FD39 /* LaunchScreen.storyboard in Resources */,
				D3A74A392254F50700C8FD39 /* Assets.xcassets in Resources */,
				D3A74A372254F50400C8FD39 /* Main.storyboard in Resources */,
			);
			runOnlyForDeploymentPostprocessing = 0;
		};
		D3A74A402254F50700C8FD39 /* Resources */ = {
			isa = PBXResourcesBuildPhase;
			buildActionMask = 2147483647;
			files = (
			);
			runOnlyForDeploymentPostprocessing = 0;
		};
/* End PBXResourcesBuildPhase section */

/* Begin PBXShellScriptBuildPhase section */
		1761D055733655F32CA26CC6 /* [CP] Check Pods Manifest.lock */ = {
			isa = PBXShellScriptBuildPhase;
			buildActionMask = 2147483647;
			files = (
			);
			inputFileListPaths = (
			);
			inputPaths = (
				"${PODS_PODFILE_DIR_PATH}/Podfile.lock",
				"${PODS_ROOT}/Manifest.lock",
			);
			name = "[CP] Check Pods Manifest.lock";
			outputFileListPaths = (
			);
			outputPaths = (
				"$(DERIVED_FILE_DIR)/Pods-InspectorExample-checkManifestLockResult.txt",
			);
			runOnlyForDeploymentPostprocessing = 0;
			shellPath = /bin/sh;
			shellScript = "diff \"${PODS_PODFILE_DIR_PATH}/Podfile.lock\" \"${PODS_ROOT}/Manifest.lock\" > /dev/null\nif [ $? != 0 ] ; then\n    # print error to STDERR\n    echo \"error: The sandbox is not in sync with the Podfile.lock. Run 'pod install' or update your CocoaPods installation.\" >&2\n    exit 1\nfi\n# This output is used by Xcode 'outputs' to avoid re-running this script phase.\necho \"SUCCESS\" > \"${SCRIPT_OUTPUT_FILE_0}\"\n";
			showEnvVarsInLog = 0;
		};
		AD47C9D08FE139F7CCC3EB08 /* [CP] Check Pods Manifest.lock */ = {
			isa = PBXShellScriptBuildPhase;
			buildActionMask = 2147483647;
			files = (
			);
			inputFileListPaths = (
			);
			inputPaths = (
				"${PODS_PODFILE_DIR_PATH}/Podfile.lock",
				"${PODS_ROOT}/Manifest.lock",
			);
			name = "[CP] Check Pods Manifest.lock";
			outputFileListPaths = (
			);
			outputPaths = (
				"$(DERIVED_FILE_DIR)/Pods-InspectorExampleTests-checkManifestLockResult.txt",
			);
			runOnlyForDeploymentPostprocessing = 0;
			shellPath = /bin/sh;
			shellScript = "diff \"${PODS_PODFILE_DIR_PATH}/Podfile.lock\" \"${PODS_ROOT}/Manifest.lock\" > /dev/null\nif [ $? != 0 ] ; then\n    # print error to STDERR\n    echo \"error: The sandbox is not in sync with the Podfile.lock. Run 'pod install' or update your CocoaPods installation.\" >&2\n    exit 1\nfi\n# This output is used by Xcode 'outputs' to avoid re-running this script phase.\necho \"SUCCESS\" > \"${SCRIPT_OUTPUT_FILE_0}\"\n";
			showEnvVarsInLog = 0;
		};
		B6CCCB9AA46612D6D8B94B5D /* [CP] Embed Pods Frameworks */ = {
			isa = PBXShellScriptBuildPhase;
			buildActionMask = 2147483647;
			files = (
			);
			inputFileListPaths = (
			);
			inputPaths = (
				"${PODS_ROOT}/Target Support Files/Pods-InspectorExampleTests/Pods-InspectorExampleTests-frameworks.sh",
				"${BUILT_PRODUCTS_DIR}/mParticle-Apple-Inspector/mParticle_Apple_Inspector.framework",
				"${BUILT_PRODUCTS_DIR}/mParticle-Apple-SDK/mParticle_Apple_SDK.framework",
			);
			name = "[CP] Embed Pods Frameworks";
			outputFileListPaths = (
			);
			outputPaths = (
				"${TARGET_BUILD_DIR}/${FRAMEWORKS_FOLDER_PATH}/mParticle_Apple_Inspector.framework",
				"${TARGET_BUILD_DIR}/${FRAMEWORKS_FOLDER_PATH}/mParticle_Apple_SDK.framework",
			);
			runOnlyForDeploymentPostprocessing = 0;
			shellPath = /bin/sh;
			shellScript = "\"${PODS_ROOT}/Target Support Files/Pods-InspectorExampleTests/Pods-InspectorExampleTests-frameworks.sh\"\n";
			showEnvVarsInLog = 0;
		};
		D0C0452524B97EE0E642D8FB /* [CP] Embed Pods Frameworks */ = {
			isa = PBXShellScriptBuildPhase;
			buildActionMask = 2147483647;
			files = (
			);
			inputFileListPaths = (
			);
			inputPaths = (
				"${PODS_ROOT}/Target Support Files/Pods-InspectorExample/Pods-InspectorExample-frameworks.sh",
				"${BUILT_PRODUCTS_DIR}/mParticle-Apple-Inspector/mParticle_Apple_Inspector.framework",
				"${BUILT_PRODUCTS_DIR}/mParticle-Apple-SDK/mParticle_Apple_SDK.framework",
			);
			name = "[CP] Embed Pods Frameworks";
			outputFileListPaths = (
			);
			outputPaths = (
				"${TARGET_BUILD_DIR}/${FRAMEWORKS_FOLDER_PATH}/mParticle_Apple_Inspector.framework",
				"${TARGET_BUILD_DIR}/${FRAMEWORKS_FOLDER_PATH}/mParticle_Apple_SDK.framework",
			);
			runOnlyForDeploymentPostprocessing = 0;
			shellPath = /bin/sh;
			shellScript = "\"${PODS_ROOT}/Target Support Files/Pods-InspectorExample/Pods-InspectorExample-frameworks.sh\"\n";
			showEnvVarsInLog = 0;
		};
/* End PBXShellScriptBuildPhase section */

/* Begin PBXSourcesBuildPhase section */
		D3A74A2A2254F50400C8FD39 /* Sources */ = {
			isa = PBXSourcesBuildPhase;
			buildActionMask = 2147483647;
			files = (
				D39A7D4B229D7B24004F2966 /* MainTableViewController.swift in Sources */,
				D3A74A322254F50400C8FD39 /* AppDelegate.swift in Sources */,
			);
			runOnlyForDeploymentPostprocessing = 0;
		};
		D3A74A3E2254F50700C8FD39 /* Sources */ = {
			isa = PBXSourcesBuildPhase;
			buildActionMask = 2147483647;
			files = (
				D3A74A472254F50700C8FD39 /* InspectorExampleTests.swift in Sources */,
			);
			runOnlyForDeploymentPostprocessing = 0;
		};
/* End PBXSourcesBuildPhase section */

/* Begin PBXTargetDependency section */
		D3A74A442254F50700C8FD39 /* PBXTargetDependency */ = {
			isa = PBXTargetDependency;
			target = D3A74A2D2254F50400C8FD39 /* InspectorExample */;
			targetProxy = D3A74A432254F50700C8FD39 /* PBXContainerItemProxy */;
		};
/* End PBXTargetDependency section */

/* Begin PBXVariantGroup section */
		D3A74A352254F50400C8FD39 /* Main.storyboard */ = {
			isa = PBXVariantGroup;
			children = (
				D3A74A362254F50400C8FD39 /* Base */,
			);
			name = Main.storyboard;
			sourceTree = "<group>";
		};
		D3A74A3A2254F50700C8FD39 /* LaunchScreen.storyboard */ = {
			isa = PBXVariantGroup;
			children = (
				D3A74A3B2254F50700C8FD39 /* Base */,
			);
			name = LaunchScreen.storyboard;
			sourceTree = "<group>";
		};
/* End PBXVariantGroup section */

/* Begin XCBuildConfiguration section */
		D3A74A492254F50700C8FD39 /* Debug */ = {
			isa = XCBuildConfiguration;
			buildSettings = {
				ALWAYS_SEARCH_USER_PATHS = NO;
				CLANG_ANALYZER_NONNULL = YES;
				CLANG_ANALYZER_NUMBER_OBJECT_CONVERSION = YES_AGGRESSIVE;
				CLANG_CXX_LANGUAGE_STANDARD = "gnu++14";
				CLANG_CXX_LIBRARY = "libc++";
				CLANG_ENABLE_MODULES = YES;
				CLANG_ENABLE_OBJC_ARC = YES;
				CLANG_ENABLE_OBJC_WEAK = YES;
				CLANG_WARN_BLOCK_CAPTURE_AUTORELEASING = YES;
				CLANG_WARN_BOOL_CONVERSION = YES;
				CLANG_WARN_COMMA = YES;
				CLANG_WARN_CONSTANT_CONVERSION = YES;
				CLANG_WARN_DEPRECATED_OBJC_IMPLEMENTATIONS = YES;
				CLANG_WARN_DIRECT_OBJC_ISA_USAGE = YES_ERROR;
				CLANG_WARN_DOCUMENTATION_COMMENTS = YES;
				CLANG_WARN_EMPTY_BODY = YES;
				CLANG_WARN_ENUM_CONVERSION = YES;
				CLANG_WARN_INFINITE_RECURSION = YES;
				CLANG_WARN_INT_CONVERSION = YES;
				CLANG_WARN_NON_LITERAL_NULL_CONVERSION = YES;
				CLANG_WARN_OBJC_IMPLICIT_RETAIN_SELF = YES;
				CLANG_WARN_OBJC_LITERAL_CONVERSION = YES;
				CLANG_WARN_OBJC_ROOT_CLASS = YES_ERROR;
				CLANG_WARN_RANGE_LOOP_ANALYSIS = YES;
				CLANG_WARN_STRICT_PROTOTYPES = YES;
				CLANG_WARN_SUSPICIOUS_MOVE = YES;
				CLANG_WARN_UNGUARDED_AVAILABILITY = YES_AGGRESSIVE;
				CLANG_WARN_UNREACHABLE_CODE = YES;
				CLANG_WARN__DUPLICATE_METHOD_MATCH = YES;
				CODE_SIGN_IDENTITY = "iPhone Developer";
				COPY_PHASE_STRIP = NO;
				DEBUG_INFORMATION_FORMAT = dwarf;
				ENABLE_STRICT_OBJC_MSGSEND = YES;
				ENABLE_TESTABILITY = YES;
				GCC_C_LANGUAGE_STANDARD = gnu11;
				GCC_DYNAMIC_NO_PIC = NO;
				GCC_NO_COMMON_BLOCKS = YES;
				GCC_OPTIMIZATION_LEVEL = 0;
				GCC_PREPROCESSOR_DEFINITIONS = (
					"DEBUG=1",
					"$(inherited)",
				);
				GCC_WARN_64_TO_32_BIT_CONVERSION = YES;
				GCC_WARN_ABOUT_RETURN_TYPE = YES_ERROR;
				GCC_WARN_UNDECLARED_SELECTOR = YES;
				GCC_WARN_UNINITIALIZED_AUTOS = YES_AGGRESSIVE;
				GCC_WARN_UNUSED_FUNCTION = YES;
				GCC_WARN_UNUSED_VARIABLE = YES;
				IPHONEOS_DEPLOYMENT_TARGET = 10.0;
				MTL_ENABLE_DEBUG_INFO = INCLUDE_SOURCE;
				MTL_FAST_MATH = YES;
				ONLY_ACTIVE_ARCH = YES;
				SDKROOT = iphoneos;
				SWIFT_ACTIVE_COMPILATION_CONDITIONS = DEBUG;
				SWIFT_OPTIMIZATION_LEVEL = "-Onone";
			};
			name = Debug;
		};
		D3A74A4A2254F50700C8FD39 /* Release */ = {
			isa = XCBuildConfiguration;
			buildSettings = {
				ALWAYS_SEARCH_USER_PATHS = NO;
				CLANG_ANALYZER_NONNULL = YES;
				CLANG_ANALYZER_NUMBER_OBJECT_CONVERSION = YES_AGGRESSIVE;
				CLANG_CXX_LANGUAGE_STANDARD = "gnu++14";
				CLANG_CXX_LIBRARY = "libc++";
				CLANG_ENABLE_MODULES = YES;
				CLANG_ENABLE_OBJC_ARC = YES;
				CLANG_ENABLE_OBJC_WEAK = YES;
				CLANG_WARN_BLOCK_CAPTURE_AUTORELEASING = YES;
				CLANG_WARN_BOOL_CONVERSION = YES;
				CLANG_WARN_COMMA = YES;
				CLANG_WARN_CONSTANT_CONVERSION = YES;
				CLANG_WARN_DEPRECATED_OBJC_IMPLEMENTATIONS = YES;
				CLANG_WARN_DIRECT_OBJC_ISA_USAGE = YES_ERROR;
				CLANG_WARN_DOCUMENTATION_COMMENTS = YES;
				CLANG_WARN_EMPTY_BODY = YES;
				CLANG_WARN_ENUM_CONVERSION = YES;
				CLANG_WARN_INFINITE_RECURSION = YES;
				CLANG_WARN_INT_CONVERSION = YES;
				CLANG_WARN_NON_LITERAL_NULL_CONVERSION = YES;
				CLANG_WARN_OBJC_IMPLICIT_RETAIN_SELF = YES;
				CLANG_WARN_OBJC_LITERAL_CONVERSION = YES;
				CLANG_WARN_OBJC_ROOT_CLASS = YES_ERROR;
				CLANG_WARN_RANGE_LOOP_ANALYSIS = YES;
				CLANG_WARN_STRICT_PROTOTYPES = YES;
				CLANG_WARN_SUSPICIOUS_MOVE = YES;
				CLANG_WARN_UNGUARDED_AVAILABILITY = YES_AGGRESSIVE;
				CLANG_WARN_UNREACHABLE_CODE = YES;
				CLANG_WARN__DUPLICATE_METHOD_MATCH = YES;
				CODE_SIGN_IDENTITY = "iPhone Developer";
				COPY_PHASE_STRIP = NO;
				DEBUG_INFORMATION_FORMAT = "dwarf-with-dsym";
				ENABLE_NS_ASSERTIONS = NO;
				ENABLE_STRICT_OBJC_MSGSEND = YES;
				GCC_C_LANGUAGE_STANDARD = gnu11;
				GCC_NO_COMMON_BLOCKS = YES;
				GCC_WARN_64_TO_32_BIT_CONVERSION = YES;
				GCC_WARN_ABOUT_RETURN_TYPE = YES_ERROR;
				GCC_WARN_UNDECLARED_SELECTOR = YES;
				GCC_WARN_UNINITIALIZED_AUTOS = YES_AGGRESSIVE;
				GCC_WARN_UNUSED_FUNCTION = YES;
				GCC_WARN_UNUSED_VARIABLE = YES;
				IPHONEOS_DEPLOYMENT_TARGET = 10.0;
				MTL_ENABLE_DEBUG_INFO = NO;
				MTL_FAST_MATH = YES;
				SDKROOT = iphoneos;
				SWIFT_COMPILATION_MODE = wholemodule;
				SWIFT_OPTIMIZATION_LEVEL = "-O";
				VALIDATE_PRODUCT = YES;
			};
			name = Release;
		};
		D3A74A4C2254F50700C8FD39 /* Debug */ = {
			isa = XCBuildConfiguration;
			baseConfigurationReference = 57036DA80175B0BE3DE4463D /* Pods-InspectorExample.debug.xcconfig */;
			buildSettings = {
				ASSETCATALOG_COMPILER_APPICON_NAME = AppIcon;
				CLANG_ENABLE_MODULES = YES;
				CODE_SIGN_STYLE = Automatic;
				INFOPLIST_FILE = InspectorExample/Info.plist;
				IPHONEOS_DEPLOYMENT_TARGET = 10.0;
				LD_RUNPATH_SEARCH_PATHS = (
					"$(inherited)",
					"@executable_path/Frameworks",
				);
				PRODUCT_BUNDLE_IDENTIFIER = com.mparticle.InspectorExample;
				PRODUCT_NAME = "$(TARGET_NAME)";
				SWIFT_OBJC_BRIDGING_HEADER = "";
				SWIFT_OPTIMIZATION_LEVEL = "-Onone";
				SWIFT_VERSION = 5.0;
				TARGETED_DEVICE_FAMILY = 1;
			};
			name = Debug;
		};
		D3A74A4D2254F50700C8FD39 /* Release */ = {
			isa = XCBuildConfiguration;
			baseConfigurationReference = 6D72EA7340C0BA8C769795D7 /* Pods-InspectorExample.release.xcconfig */;
			buildSettings = {
				ASSETCATALOG_COMPILER_APPICON_NAME = AppIcon;
				CLANG_ENABLE_MODULES = YES;
				CODE_SIGN_STYLE = Automatic;
				INFOPLIST_FILE = InspectorExample/Info.plist;
				IPHONEOS_DEPLOYMENT_TARGET = 10.0;
				LD_RUNPATH_SEARCH_PATHS = (
					"$(inherited)",
					"@executable_path/Frameworks",
				);
				PRODUCT_BUNDLE_IDENTIFIER = com.mparticle.InspectorExample;
				PRODUCT_NAME = "$(TARGET_NAME)";
				SWIFT_OBJC_BRIDGING_HEADER = "";
				SWIFT_VERSION = 5.0;
				TARGETED_DEVICE_FAMILY = 1;
			};
			name = Release;
		};
		D3A74A4F2254F50700C8FD39 /* Debug */ = {
			isa = XCBuildConfiguration;
			baseConfigurationReference = 096C25DD73D91EEFC5DF076F /* Pods-InspectorExampleTests.debug.xcconfig */;
			buildSettings = {
				ALWAYS_EMBED_SWIFT_STANDARD_LIBRARIES = YES;
				BUNDLE_LOADER = "$(TEST_HOST)";
				CODE_SIGN_STYLE = Automatic;
				INFOPLIST_FILE = InspectorExampleTests/Info.plist;
				LD_RUNPATH_SEARCH_PATHS = (
					"$(inherited)",
					"@executable_path/Frameworks",
					"@loader_path/Frameworks",
				);
				PRODUCT_BUNDLE_IDENTIFIER = com.mparticle.InspectorExampleTests;
				PRODUCT_NAME = "$(TARGET_NAME)";
				SWIFT_VERSION = 5.0;
				TARGETED_DEVICE_FAMILY = "1,2";
				TEST_HOST = "$(BUILT_PRODUCTS_DIR)/InspectorExample.app/InspectorExample";
			};
			name = Debug;
		};
		D3A74A502254F50700C8FD39 /* Release */ = {
			isa = XCBuildConfiguration;
			baseConfigurationReference = B8BBAF51382CB5D02EA1EDEF /* Pods-InspectorExampleTests.release.xcconfig */;
			buildSettings = {
				ALWAYS_EMBED_SWIFT_STANDARD_LIBRARIES = YES;
				BUNDLE_LOADER = "$(TEST_HOST)";
				CODE_SIGN_STYLE = Automatic;
				INFOPLIST_FILE = InspectorExampleTests/Info.plist;
				LD_RUNPATH_SEARCH_PATHS = (
					"$(inherited)",
					"@executable_path/Frameworks",
					"@loader_path/Frameworks",
				);
				PRODUCT_BUNDLE_IDENTIFIER = com.mparticle.InspectorExampleTests;
				PRODUCT_NAME = "$(TARGET_NAME)";
				SWIFT_VERSION = 5.0;
				TARGETED_DEVICE_FAMILY = "1,2";
				TEST_HOST = "$(BUILT_PRODUCTS_DIR)/InspectorExample.app/InspectorExample";
			};
			name = Release;
		};
/* End XCBuildConfiguration section */

/* Begin XCConfigurationList section */
		D3A74A292254F50400C8FD39 /* Build configuration list for PBXProject "InspectorExample" */ = {
			isa = XCConfigurationList;
			buildConfigurations = (
				D3A74A492254F50700C8FD39 /* Debug */,
				D3A74A4A2254F50700C8FD39 /* Release */,
			);
			defaultConfigurationIsVisible = 0;
			defaultConfigurationName = Release;
		};
		D3A74A4B2254F50700C8FD39 /* Build configuration list for PBXNativeTarget "InspectorExample" */ = {
			isa = XCConfigurationList;
			buildConfigurations = (
				D3A74A4C2254F50700C8FD39 /* Debug */,
				D3A74A4D2254F50700C8FD39 /* Release */,
			);
			defaultConfigurationIsVisible = 0;
			defaultConfigurationName = Release;
		};
		D3A74A4E2254F50700C8FD39 /* Build configuration list for PBXNativeTarget "InspectorExampleTests" */ = {
			isa = XCConfigurationList;
			buildConfigurations = (
				D3A74A4F2254F50700C8FD39 /* Debug */,
				D3A74A502254F50700C8FD39 /* Release */,
			);
			defaultConfigurationIsVisible = 0;
			defaultConfigurationName = Release;
		};
/* End XCConfigurationList section */
	};
	rootObject = D3A74A262254F50400C8FD39 /* Project object */;
}
